
Microsoft Visual Studio Solution File, Format Version 12.00
# Visual Studio 15
VisualStudioVersion = 15.0.28010.2050
MinimumVisualStudioVersion = 10.0.40219.1
Project("{FAE04EC0-301F-11D3-BF4B-00C04F79EFBC}") = "FFXIVTauLauncher_old", "FFXIVTauLauncher_old\FFXIVTauLauncher_old.csproj", "{F937C56A-6E38-4AE3-89C4-38601FDA0C71}"
	ProjectSection(ProjectDependencies) = postProject
		{658B0D37-067E-44A5-9271-1B5C89483508} = {658B0D37-067E-44A5-9271-1B5C89483508}
	EndProjectSection
EndProject
Project("{FAE04EC0-301F-11D3-BF4B-00C04F79EFBC}") = "FFXIVAPI_old", "FFXIVAPI_old\FFXIVAPI_old.csproj", "{658B0D37-067E-44A5-9271-1B5C89483508}"
EndProject
Project("{FAE04EC0-301F-11D3-BF4B-00C04F79EFBC}") = "OldXIVLauncher", "OldXIVLauncher\OldXIVLauncher.csproj", "{33FF8CFB-2BF4-49C4-ACFC-81A05F83CC65}"
EndProject
Project("{C7167F0D-BC9F-4E6E-AFE1-012C56B48DB5}") = "WapTauLauncher", "WapTauLauncher\WapTauLauncher.wapproj", "{5457BDFD-F699-4E35-A7FF-DF0B627BE9FD}"
EndProject
Project("{FAE04EC0-301F-11D3-BF4B-00C04F79EFBC}") = "FFXIVTauLauncher", "FFXIVTauLauncher\FFXIVTauLauncher.csproj", "{B1AC88CC-15F6-4DBE-A2B0-23680969A6A0}"
EndProject
Global
	GlobalSection(SolutionConfigurationPlatforms) = preSolution
		Debug|Any CPU = Debug|Any CPU
		Debug|ARM = Debug|ARM
		Debug|ARM64 = Debug|ARM64
		Debug|x64 = Debug|x64
		Debug|x86 = Debug|x86
		Release|Any CPU = Release|Any CPU
		Release|ARM = Release|ARM
		Release|ARM64 = Release|ARM64
		Release|x64 = Release|x64
		Release|x86 = Release|x86
	EndGlobalSection
	GlobalSection(ProjectConfigurationPlatforms) = postSolution
		{F937C56A-6E38-4AE3-89C4-38601FDA0C71}.Debug|Any CPU.ActiveCfg = Debug|x64
		{F937C56A-6E38-4AE3-89C4-38601FDA0C71}.Debug|Any CPU.Build.0 = Debug|x64
		{F937C56A-6E38-4AE3-89C4-38601FDA0C71}.Debug|Any CPU.Deploy.0 = Debug|x64
		{F937C56A-6E38-4AE3-89C4-38601FDA0C71}.Debug|ARM.ActiveCfg = Debug|ARM
		{F937C56A-6E38-4AE3-89C4-38601FDA0C71}.Debug|ARM.Build.0 = Debug|ARM
		{F937C56A-6E38-4AE3-89C4-38601FDA0C71}.Debug|ARM.Deploy.0 = Debug|ARM
		{F937C56A-6E38-4AE3-89C4-38601FDA0C71}.Debug|ARM64.ActiveCfg = Debug|x86
		{F937C56A-6E38-4AE3-89C4-38601FDA0C71}.Debug|x64.ActiveCfg = Debug|x64
		{F937C56A-6E38-4AE3-89C4-38601FDA0C71}.Debug|x64.Build.0 = Debug|x64
		{F937C56A-6E38-4AE3-89C4-38601FDA0C71}.Debug|x64.Deploy.0 = Debug|x64
		{F937C56A-6E38-4AE3-89C4-38601FDA0C71}.Debug|x86.ActiveCfg = Debug|x86
		{F937C56A-6E38-4AE3-89C4-38601FDA0C71}.Debug|x86.Build.0 = Debug|x86
		{F937C56A-6E38-4AE3-89C4-38601FDA0C71}.Debug|x86.Deploy.0 = Debug|x86
		{F937C56A-6E38-4AE3-89C4-38601FDA0C71}.Release|Any CPU.ActiveCfg = Release|x86
		{F937C56A-6E38-4AE3-89C4-38601FDA0C71}.Release|ARM.ActiveCfg = Release|ARM
		{F937C56A-6E38-4AE3-89C4-38601FDA0C71}.Release|ARM.Build.0 = Release|ARM
		{F937C56A-6E38-4AE3-89C4-38601FDA0C71}.Release|ARM.Deploy.0 = Release|ARM
		{F937C56A-6E38-4AE3-89C4-38601FDA0C71}.Release|ARM64.ActiveCfg = Release|x86
		{F937C56A-6E38-4AE3-89C4-38601FDA0C71}.Release|x64.ActiveCfg = Release|x64
		{F937C56A-6E38-4AE3-89C4-38601FDA0C71}.Release|x64.Build.0 = Release|x64
		{F937C56A-6E38-4AE3-89C4-38601FDA0C71}.Release|x64.Deploy.0 = Release|x64
		{F937C56A-6E38-4AE3-89C4-38601FDA0C71}.Release|x86.ActiveCfg = Release|x86
		{F937C56A-6E38-4AE3-89C4-38601FDA0C71}.Release|x86.Build.0 = Release|x86
		{F937C56A-6E38-4AE3-89C4-38601FDA0C71}.Release|x86.Deploy.0 = Release|x86
		{658B0D37-067E-44A5-9271-1B5C89483508}.Debug|Any CPU.ActiveCfg = Debug|Any CPU
		{658B0D37-067E-44A5-9271-1B5C89483508}.Debug|Any CPU.Build.0 = Debug|Any CPU
		{658B0D37-067E-44A5-9271-1B5C89483508}.Debug|ARM.ActiveCfg = Debug|ARM
		{658B0D37-067E-44A5-9271-1B5C89483508}.Debug|ARM.Build.0 = Debug|ARM
		{658B0D37-067E-44A5-9271-1B5C89483508}.Debug|ARM64.ActiveCfg = Debug|ARM64
		{658B0D37-067E-44A5-9271-1B5C89483508}.Debug|ARM64.Build.0 = Debug|ARM64
		{658B0D37-067E-44A5-9271-1B5C89483508}.Debug|x64.ActiveCfg = Debug|x64
		{658B0D37-067E-44A5-9271-1B5C89483508}.Debug|x64.Build.0 = Debug|x64
		{658B0D37-067E-44A5-9271-1B5C89483508}.Debug|x86.ActiveCfg = Debug|x86
		{658B0D37-067E-44A5-9271-1B5C89483508}.Debug|x86.Build.0 = Debug|x86
		{658B0D37-067E-44A5-9271-1B5C89483508}.Release|Any CPU.ActiveCfg = Release|Any CPU
		{658B0D37-067E-44A5-9271-1B5C89483508}.Release|Any CPU.Build.0 = Release|Any CPU
		{658B0D37-067E-44A5-9271-1B5C89483508}.Release|ARM.ActiveCfg = Release|ARM
		{658B0D37-067E-44A5-9271-1B5C89483508}.Release|ARM.Build.0 = Release|ARM
		{658B0D37-067E-44A5-9271-1B5C89483508}.Release|ARM64.ActiveCfg = Release|ARM64
		{658B0D37-067E-44A5-9271-1B5C89483508}.Release|ARM64.Build.0 = Release|ARM64
		{658B0D37-067E-44A5-9271-1B5C89483508}.Release|x64.ActiveCfg = Release|x64
		{658B0D37-067E-44A5-9271-1B5C89483508}.Release|x64.Build.0 = Release|x64
		{658B0D37-067E-44A5-9271-1B5C89483508}.Release|x86.ActiveCfg = Release|x86
		{658B0D37-067E-44A5-9271-1B5C89483508}.Release|x86.Build.0 = Release|x86
		{33FF8CFB-2BF4-49C4-ACFC-81A05F83CC65}.Debug|Any CPU.ActiveCfg = Debug|Any CPU
		{33FF8CFB-2BF4-49C4-ACFC-81A05F83CC65}.Debug|Any CPU.Build.0 = Debug|Any CPU
		{33FF8CFB-2BF4-49C4-ACFC-81A05F83CC65}.Debug|ARM.ActiveCfg = Debug|Any CPU
		{33FF8CFB-2BF4-49C4-ACFC-81A05F83CC65}.Debug|ARM.Build.0 = Debug|Any CPU
		{33FF8CFB-2BF4-49C4-ACFC-81A05F83CC65}.Debug|ARM64.ActiveCfg = Debug|Any CPU
		{33FF8CFB-2BF4-49C4-ACFC-81A05F83CC65}.Debug|ARM64.Build.0 = Debug|Any CPU
		{33FF8CFB-2BF4-49C4-ACFC-81A05F83CC65}.Debug|x64.ActiveCfg = Debug|Any CPU
		{33FF8CFB-2BF4-49C4-ACFC-81A05F83CC65}.Debug|x64.Build.0 = Debug|Any CPU
		{33FF8CFB-2BF4-49C4-ACFC-81A05F83CC65}.Debug|x86.ActiveCfg = Debug|Any CPU
		{33FF8CFB-2BF4-49C4-ACFC-81A05F83CC65}.Debug|x86.Build.0 = Debug|Any CPU
		{33FF8CFB-2BF4-49C4-ACFC-81A05F83CC65}.Release|Any CPU.ActiveCfg = Release|Any CPU
		{33FF8CFB-2BF4-49C4-ACFC-81A05F83CC65}.Release|Any CPU.Build.0 = Release|Any CPU
		{33FF8CFB-2BF4-49C4-ACFC-81A05F83CC65}.Release|ARM.ActiveCfg = Release|Any CPU
		{33FF8CFB-2BF4-49C4-ACFC-81A05F83CC65}.Release|ARM.Build.0 = Release|Any CPU
		{33FF8CFB-2BF4-49C4-ACFC-81A05F83CC65}.Release|ARM64.ActiveCfg = Release|Any CPU
		{33FF8CFB-2BF4-49C4-ACFC-81A05F83CC65}.Release|ARM64.Build.0 = Release|Any CPU
		{33FF8CFB-2BF4-49C4-ACFC-81A05F83CC65}.Release|x64.ActiveCfg = Release|Any CPU
		{33FF8CFB-2BF4-49C4-ACFC-81A05F83CC65}.Release|x64.Build.0 = Release|Any CPU
		{33FF8CFB-2BF4-49C4-ACFC-81A05F83CC65}.Release|x86.ActiveCfg = Release|Any CPU
		{33FF8CFB-2BF4-49C4-ACFC-81A05F83CC65}.Release|x86.Build.0 = Release|Any CPU
		{5457BDFD-F699-4E35-A7FF-DF0B627BE9FD}.Debug|Any CPU.ActiveCfg = Debug|Any CPU
		{5457BDFD-F699-4E35-A7FF-DF0B627BE9FD}.Debug|Any CPU.Build.0 = Debug|Any CPU
		{5457BDFD-F699-4E35-A7FF-DF0B627BE9FD}.Debug|Any CPU.Deploy.0 = Debug|Any CPU
		{5457BDFD-F699-4E35-A7FF-DF0B627BE9FD}.Debug|ARM.ActiveCfg = Debug|Any CPU
		{5457BDFD-F699-4E35-A7FF-DF0B627BE9FD}.Debug|ARM.Build.0 = Debug|Any CPU
		{5457BDFD-F699-4E35-A7FF-DF0B627BE9FD}.Debug|ARM.Deploy.0 = Debug|Any CPU
		{5457BDFD-F699-4E35-A7FF-DF0B627BE9FD}.Debug|ARM64.ActiveCfg = Debug|Any CPU
		{5457BDFD-F699-4E35-A7FF-DF0B627BE9FD}.Debug|ARM64.Build.0 = Debug|Any CPU
		{5457BDFD-F699-4E35-A7FF-DF0B627BE9FD}.Debug|ARM64.Deploy.0 = Debug|Any CPU
		{5457BDFD-F699-4E35-A7FF-DF0B627BE9FD}.Debug|x64.ActiveCfg = Debug|x64
		{5457BDFD-F699-4E35-A7FF-DF0B627BE9FD}.Debug|x64.Build.0 = Debug|x64
		{5457BDFD-F699-4E35-A7FF-DF0B627BE9FD}.Debug|x64.Deploy.0 = Debug|x64
		{5457BDFD-F699-4E35-A7FF-DF0B627BE9FD}.Debug|x86.ActiveCfg = Debug|x86
		{5457BDFD-F699-4E35-A7FF-DF0B627BE9FD}.Debug|x86.Build.0 = Debug|x86
		{5457BDFD-F699-4E35-A7FF-DF0B627BE9FD}.Debug|x86.Deploy.0 = Debug|x86
		{5457BDFD-F699-4E35-A7FF-DF0B627BE9FD}.Release|Any CPU.ActiveCfg = Release|Any CPU
		{5457BDFD-F699-4E35-A7FF-DF0B627BE9FD}.Release|Any CPU.Build.0 = Release|Any CPU
		{5457BDFD-F699-4E35-A7FF-DF0B627BE9FD}.Release|Any CPU.Deploy.0 = Release|Any CPU
		{5457BDFD-F699-4E35-A7FF-DF0B627BE9FD}.Release|ARM.ActiveCfg = Release|Any CPU
		{5457BDFD-F699-4E35-A7FF-DF0B627BE9FD}.Release|ARM.Build.0 = Release|Any CPU
		{5457BDFD-F699-4E35-A7FF-DF0B627BE9FD}.Release|ARM.Deploy.0 = Release|Any CPU
		{5457BDFD-F699-4E35-A7FF-DF0B627BE9FD}.Release|ARM64.ActiveCfg = Release|Any CPU
		{5457BDFD-F699-4E35-A7FF-DF0B627BE9FD}.Release|ARM64.Build.0 = Release|Any CPU
		{5457BDFD-F699-4E35-A7FF-DF0B627BE9FD}.Release|ARM64.Deploy.0 = Release|Any CPU
		{5457BDFD-F699-4E35-A7FF-DF0B627BE9FD}.Release|x64.ActiveCfg = Release|x64
		{5457BDFD-F699-4E35-A7FF-DF0B627BE9FD}.Release|x64.Build.0 = Release|x64
		{5457BDFD-F699-4E35-A7FF-DF0B627BE9FD}.Release|x64.Deploy.0 = Release|x64
		{5457BDFD-F699-4E35-A7FF-DF0B627BE9FD}.Release|x86.ActiveCfg = Release|x86
		{5457BDFD-F699-4E35-A7FF-DF0B627BE9FD}.Release|x86.Build.0 = Release|x86
		{5457BDFD-F699-4E35-A7FF-DF0B627BE9FD}.Release|x86.Deploy.0 = Release|x86
		{B1AC88CC-15F6-4DBE-A2B0-23680969A6A0}.Debug|Any CPU.ActiveCfg = Debug|Any CPU
		{B1AC88CC-15F6-4DBE-A2B0-23680969A6A0}.Debug|Any CPU.Build.0 = Debug|Any CPU
		{B1AC88CC-15F6-4DBE-A2B0-23680969A6A0}.Debug|ARM.ActiveCfg = Debug|Any CPU
		{B1AC88CC-15F6-4DBE-A2B0-23680969A6A0}.Debug|ARM.Build.0 = Debug|Any CPU
		{B1AC88CC-15F6-4DBE-A2B0-23680969A6A0}.Debug|ARM64.ActiveCfg = Debug|Any CPU
		{B1AC88CC-15F6-4DBE-A2B0-23680969A6A0}.Debug|ARM64.Build.0 = Debug|Any CPU
		{B1AC88CC-15F6-4DBE-A2B0-23680969A6A0}.Debug|x64.ActiveCfg = Debug|Any CPU
		{B1AC88CC-15F6-4DBE-A2B0-23680969A6A0}.Debug|x64.Build.0 = Debug|Any CPU
		{B1AC88CC-15F6-4DBE-A2B0-23680969A6A0}.Debug|x86.ActiveCfg = Debug|Any CPU
		{B1AC88CC-15F6-4DBE-A2B0-23680969A6A0}.Debug|x86.Build.0 = Debug|Any CPU
		{B1AC88CC-15F6-4DBE-A2B0-23680969A6A0}.Release|Any CPU.ActiveCfg = Release|Any CPU
		{B1AC88CC-15F6-4DBE-A2B0-23680969A6A0}.Release|Any CPU.Build.0 = Release|Any CPU
		{B1AC88CC-15F6-4DBE-A2B0-23680969A6A0}.Release|ARM.ActiveCfg = Release|Any CPU
		{B1AC88CC-15F6-4DBE-A2B0-23680969A6A0}.Release|ARM.Build.0 = Release|Any CPU
		{B1AC88CC-15F6-4DBE-A2B0-23680969A6A0}.Release|ARM64.ActiveCfg = Release|Any CPU
		{B1AC88CC-15F6-4DBE-A2B0-23680969A6A0}.Release|ARM64.Build.0 = Release|Any CPU
		{B1AC88CC-15F6-4DBE-A2B0-23680969A6A0}.Release|x64.ActiveCfg = Release|Any CPU
		{B1AC88CC-15F6-4DBE-A2B0-23680969A6A0}.Release|x64.Build.0 = Release|Any CPU
		{B1AC88CC-15F6-4DBE-A2B0-23680969A6A0}.Release|x86.ActiveCfg = Release|Any CPU
		{B1AC88CC-15F6-4DBE-A2B0-23680969A6A0}.Release|x86.Build.0 = Release|Any CPU
	EndGlobalSection
	GlobalSection(SolutionProperties) = preSolution
		HideSolutionNode = FALSE
	EndGlobalSection
	GlobalSection(ExtensibilityGlobals) = postSolution
		SolutionGuid = {E81ABCC3-0FD9-48A9-B6D3-4F013DDAF2F8}
	EndGlobalSection
EndGlobal
